
Microsoft Visual Studio Solution File, Format Version 12.00
# Visual Studio Version 16
VisualStudioVersion = 16.0.30011.22
MinimumVisualStudioVersion = 10.0.40219.1
Project("{9A19103F-16F7-4668-BE54-9A1E7A4F7556}") = "AntlrOraclePlsql", "AntlrOraclePlsql\AntlrOraclePlsql.csproj", "{3E1957FF-D28B-4FDE-878B-2E471089CAC8}"
EndProject
Project("{FAE04EC0-301F-11D3-BF4B-00C04F79EFBC}") = "AntlrOraclePlsql.Tests", "AntlrOraclePlsql.Tests\AntlrOraclePlsql.Tests.csproj", "{70F0DFCE-B2E9-449E-A103-0E3371CB6446}"
EndProject
Global
	GlobalSection(SolutionConfigurationPlatforms) = preSolution
		Debug|Any CPU = Debug|Any CPU
		Release|Any CPU = Release|Any CPU
	EndGlobalSection
	GlobalSection(ProjectConfigurationPlatforms) = postSolution
		{3E1957FF-D28B-4FDE-878B-2E471089CAC8}.Debug|Any CPU.ActiveCfg = Debug|Any CPU
		{3E1957FF-D28B-4FDE-878B-2E471089CAC8}.Debug|Any CPU.Build.0 = Debug|Any CPU
		{3E1957FF-D28B-4FDE-878B-2E471089CAC8}.Release|Any CPU.ActiveCfg = Release|Any CPU
		{3E1957FF-D28B-4FDE-878B-2E471089CAC8}.Release|Any CPU.Build.0 = Release|Any CPU
		{70F0DFCE-B2E9-449E-A103-0E3371CB6446}.Debug|Any CPU.ActiveCfg = Debug|Any CPU
		{70F0DFCE-B2E9-449E-A103-0E3371CB6446}.Debug|Any CPU.Build.0 = Debug|Any CPU
		{70F0DFCE-B2E9-449E-A103-0E3371CB6446}.Release|Any CPU.ActiveCfg = Release|Any CPU
		{70F0DFCE-B2E9-449E-A103-0E3371CB6446}.Release|Any CPU.Build.0 = Release|Any CPU
	EndGlobalSection
	GlobalSection(SolutionProperties) = preSolution
		HideSolutionNode = FALSE
	EndGlobalSection
	GlobalSection(ExtensibilityGlobals) = postSolution
		SolutionGuid = {7E167C84-F240-4C63-ABC6-1BA9163A3839}
	EndGlobalSection
EndGlobal
